
Microsoft Visual Studio Solution File, Format Version 12.00
# Visual Studio Version 17
VisualStudioVersion = 17.3.32901.215
MinimumVisualStudioVersion = 10.0.40219.1
Project("{FAE04EC0-301F-11D3-BF4B-00C04F79EFBC}") = "FloorplanDesigner", "FloorplanDesigner.csproj", "{C414BEBA-B7AA-4B1E-85C9-F16C14F8155E}"
EndProject
Global
	GlobalSection(SolutionConfigurationPlatforms) = preSolution
		Debug|Any CPU = Debug|Any CPU
		Release|Any CPU = Release|Any CPU
	EndGlobalSection
	GlobalSection(ProjectConfigurationPlatforms) = postSolution
		{C414BEBA-B7AA-4B1E-85C9-F16C14F8155E}.Debug|Any CPU.ActiveCfg = Debug|Any CPU
		{C414BEBA-B7AA-4B1E-85C9-F16C14F8155E}.Debug|Any CPU.Build.0 = Debug|Any CPU
		{C414BEBA-B7AA-4B1E-85C9-F16C14F8155E}.Release|Any CPU.ActiveCfg = Release|Any CPU
		{C414BEBA-B7AA-4B1E-85C9-F16C14F8155E}.Release|Any CPU.Build.0 = Release|Any CPU
	EndGlobalSection
	GlobalSection(SolutionProperties) = preSolution
		HideSolutionNode = FALSE
	EndGlobalSection
	GlobalSection(ExtensibilityGlobals) = postSolution
		SolutionGuid = {D07EDA4F-9D87-435A-8778-CD13AB217D9C}
	EndGlobalSection
EndGlobal
